// !$*UTF8*$!
{
	archiveVersion = 1;
	classes = {
	};
	objectVersion = 48;
	objects = {

/* Begin PBXBuildFile section */
		2075272B201DA42C00B06EA6 /* Dynamic.swift in Sources */ = {isa = PBXBuildFile; fileRef = 2075272A201DA42C00B06EA6 /* Dynamic.swift */; };
		2075272E201DA4B900B06EA6 /* BindingTextField.swift in Sources */ = {isa = PBXBuildFile; fileRef = 2075272D201DA4B900B06EA6 /* BindingTextField.swift */; };
		20752731201DB31300B06EA6 /* FeedCellViewModel.swift in Sources */ = {isa = PBXBuildFile; fileRef = 20752730201DB31300B06EA6 /* FeedCellViewModel.swift */; };
		20752733201DB33200B06EA6 /* FavoriteCellViewModel.swift in Sources */ = {isa = PBXBuildFile; fileRef = 20752732201DB33200B06EA6 /* FavoriteCellViewModel.swift */; };
		2084450D201C0AED00D1BF74 /* FeedManager.swift in Sources */ = {isa = PBXBuildFile; fileRef = 2084450C201C0AED00D1BF74 /* FeedManager.swift */; };
		2084450F201C516400D1BF74 /* FluidCollectionViewLayout.swift in Sources */ = {isa = PBXBuildFile; fileRef = 2084450E201C516300D1BF74 /* FluidCollectionViewLayout.swift */; };
		20F1EBC62019458C00C54341 /* AppDelegate.swift in Sources */ = {isa = PBXBuildFile; fileRef = 20F1EBC52019458C00C54341 /* AppDelegate.swift */; };
		20F1EBCB2019458D00C54341 /* Main.storyboard in Resources */ = {isa = PBXBuildFile; fileRef = 20F1EBC92019458D00C54341 /* Main.storyboard */; };
		20F1EBCE2019458D00C54341 /* MyGIFs.xcdatamodeld in Sources */ = {isa = PBXBuildFile; fileRef = 20F1EBCC2019458D00C54341 /* MyGIFs.xcdatamodeld */; };
		20F1EBD02019458D00C54341 /* Assets.xcassets in Resources */ = {isa = PBXBuildFile; fileRef = 20F1EBCF2019458D00C54341 /* Assets.xcassets */; };
		20F1EBD32019458D00C54341 /* LaunchScreen.storyboard in Resources */ = {isa = PBXBuildFile; fileRef = 20F1EBD12019458D00C54341 /* LaunchScreen.storyboard */; };
		20F1EBE320195E2800C54341 /* Constants.swift in Sources */ = {isa = PBXBuildFile; fileRef = 20F1EBE220195E2800C54341 /* Constants.swift */; };
		20F1EBE92019842500C54341 /* FeedTVC.swift in Sources */ = {isa = PBXBuildFile; fileRef = 20F1EBE82019842500C54341 /* FeedTVC.swift */; };
		20F1EBEB2019849600C54341 /* FavoritesCVC.swift in Sources */ = {isa = PBXBuildFile; fileRef = 20F1EBEA2019849600C54341 /* FavoritesCVC.swift */; };
		20F1EBF020199ACE00C54341 /* Gif.swift in Sources */ = {isa = PBXBuildFile; fileRef = 20F1EBEF20199ACE00C54341 /* Gif.swift */; };
		20F1EBF52019A9D700C54341 /* GiphyAPIService.swift in Sources */ = {isa = PBXBuildFile; fileRef = 20F1EBF42019A9D700C54341 /* GiphyAPIService.swift */; };
		20F1EBF72019AB5C00C54341 /* Networking.swift in Sources */ = {isa = PBXBuildFile; fileRef = 20F1EBF62019AB5C00C54341 /* Networking.swift */; };
		20F1EBF92019B72200C54341 /* DefaultNavigationVC.swift in Sources */ = {isa = PBXBuildFile; fileRef = 20F1EBF82019B72200C54341 /* DefaultNavigationVC.swift */; };
		20F1EBFB2019BCC400C54341 /* GifSize.swift in Sources */ = {isa = PBXBuildFile; fileRef = 20F1EBFA2019BCC400C54341 /* GifSize.swift */; };
		20F1EBFD201A3EC000C54341 /* FeedTVCell.swift in Sources */ = {isa = PBXBuildFile; fileRef = 20F1EBFC201A3EC000C54341 /* FeedTVCell.swift */; };
		20F1EBFF201A5F3500C54341 /* UIViewController+Ext.swift in Sources */ = {isa = PBXBuildFile; fileRef = 20F1EBFE201A5F3500C54341 /* UIViewController+Ext.swift */; };
		20F1EC01201A81BE00C54341 /* UIColor+Ext.swift in Sources */ = {isa = PBXBuildFile; fileRef = 20F1EC00201A81BE00C54341 /* UIColor+Ext.swift */; };
		20F1EC05201AD75200C54341 /* FeedViewModel.swift in Sources */ = {isa = PBXBuildFile; fileRef = 20F1EC04201AD75200C54341 /* FeedViewModel.swift */; };
		20F1EC07201AD77B00C54341 /* FavoritesViewModel.swift in Sources */ = {isa = PBXBuildFile; fileRef = 20F1EC06201AD77B00C54341 /* FavoritesViewModel.swift */; };
		20F1EC09201AD92000C54341 /* MyGifsCoreData.swift in Sources */ = {isa = PBXBuildFile; fileRef = 20F1EC08201AD92000C54341 /* MyGifsCoreData.swift */; };
		20F1EC0B201AFD9E00C54341 /* FavoriteCVCell.swift in Sources */ = {isa = PBXBuildFile; fileRef = 20F1EC0A201AFD9E00C54341 /* FavoriteCVCell.swift */; };
		20F1EC0D201B081600C54341 /* FavoriteCVCell.xib in Resources */ = {isa = PBXBuildFile; fileRef = 20F1EC0C201B081600C54341 /* FavoriteCVCell.xib */; };
		20F1EC0F201B0C4800C54341 /* Calculation.swift in Sources */ = {isa = PBXBuildFile; fileRef = 20F1EC0E201B0C4800C54341 /* Calculation.swift */; };
		20F1EC11201B1A9500C54341 /* PersistGif.swift in Sources */ = {isa = PBXBuildFile; fileRef = 20F1EC10201B1A9500C54341 /* PersistGif.swift */; };
		20F1EC15201BF79500C54341 /* NoItemsView.swift in Sources */ = {isa = PBXBuildFile; fileRef = 20F1EC14201BF79500C54341 /* NoItemsView.swift */; };
		20F1EC17201BFC4C00C54341 /* UIView+Ext.swift in Sources */ = {isa = PBXBuildFile; fileRef = 20F1EC16201BFC4C00C54341 /* UIView+Ext.swift */; };
		58DBB20FFB711387B19F6049 /* Pods_MyGIFs.framework in Frameworks */ = {isa = PBXBuildFile; fileRef = 7419CD5DE27CD0E2DDDC87FE /* Pods_MyGIFs.framework */; };
/* End PBXBuildFile section */

/* Begin PBXFileReference section */
		023ACF43081AB519686009A9 /* Pods-MyGIFs.release.xcconfig */ = {isa = PBXFileReference; includeInIndex = 1; lastKnownFileType = text.xcconfig; name = "Pods-MyGIFs.release.xcconfig"; path = "Pods/Target Support Files/Pods-MyGIFs/Pods-MyGIFs.release.xcconfig"; sourceTree = "<group>"; };
		11B653F22D826B0A59E977AA /* Pods-MyGIFs.debug.xcconfig */ = {isa = PBXFileReference; includeInIndex = 1; lastKnownFileType = text.xcconfig; name = "Pods-MyGIFs.debug.xcconfig"; path = "Pods/Target Support Files/Pods-MyGIFs/Pods-MyGIFs.debug.xcconfig"; sourceTree = "<group>"; };
		2075272A201DA42C00B06EA6 /* Dynamic.swift */ = {isa = PBXFileReference; lastKnownFileType = sourcecode.swift; path = Dynamic.swift; sourceTree = "<group>"; };
		2075272D201DA4B900B06EA6 /* BindingTextField.swift */ = {isa = PBXFileReference; lastKnownFileType = sourcecode.swift; path = BindingTextField.swift; sourceTree = "<group>"; };
		20752730201DB31300B06EA6 /* FeedCellViewModel.swift */ = {isa = PBXFileReference; lastKnownFileType = sourcecode.swift; path = FeedCellViewModel.swift; sourceTree = "<group>"; };
		20752732201DB33200B06EA6 /* FavoriteCellViewModel.swift */ = {isa = PBXFileReference; lastKnownFileType = sourcecode.swift; path = FavoriteCellViewModel.swift; sourceTree = "<group>"; };
		2084450C201C0AED00D1BF74 /* FeedManager.swift */ = {isa = PBXFileReference; lastKnownFileType = sourcecode.swift; path = FeedManager.swift; sourceTree = "<group>"; };
		2084450E201C516300D1BF74 /* FluidCollectionViewLayout.swift */ = {isa = PBXFileReference; lastKnownFileType = sourcecode.swift; path = FluidCollectionViewLayout.swift; sourceTree = "<group>"; };
		20F1EBC22019458C00C54341 /* MyGIFs.app */ = {isa = PBXFileReference; explicitFileType = wrapper.application; includeInIndex = 0; path = MyGIFs.app; sourceTree = BUILT_PRODUCTS_DIR; };
		20F1EBC52019458C00C54341 /* AppDelegate.swift */ = {isa = PBXFileReference; lastKnownFileType = sourcecode.swift; path = AppDelegate.swift; sourceTree = "<group>"; };
		20F1EBCA2019458D00C54341 /* Base */ = {isa = PBXFileReference; lastKnownFileType = file.storyboard; name = Base; path = Base.lproj/Main.storyboard; sourceTree = "<group>"; };
		20F1EBCD2019458D00C54341 /* MyGIFs.xcdatamodel */ = {isa = PBXFileReference; lastKnownFileType = wrapper.xcdatamodel; path = MyGIFs.xcdatamodel; sourceTree = "<group>"; };
		20F1EBCF2019458D00C54341 /* Assets.xcassets */ = {isa = PBXFileReference; lastKnownFileType = folder.assetcatalog; path = Assets.xcassets; sourceTree = "<group>"; };
		20F1EBD22019458D00C54341 /* Base */ = {isa = PBXFileReference; lastKnownFileType = file.storyboard; name = Base; path = Base.lproj/LaunchScreen.storyboard; sourceTree = "<group>"; };
		20F1EBD42019458D00C54341 /* Info.plist */ = {isa = PBXFileReference; lastKnownFileType = text.plist.xml; name = Info.plist; path = ../Info.plist; sourceTree = "<group>"; };
		20F1EBE220195E2800C54341 /* Constants.swift */ = {isa = PBXFileReference; lastKnownFileType = sourcecode.swift; path = Constants.swift; sourceTree = "<group>"; };
		20F1EBE82019842500C54341 /* FeedTVC.swift */ = {isa = PBXFileReference; lastKnownFileType = sourcecode.swift; path = FeedTVC.swift; sourceTree = "<group>"; };
		20F1EBEA2019849600C54341 /* FavoritesCVC.swift */ = {isa = PBXFileReference; lastKnownFileType = sourcecode.swift; path = FavoritesCVC.swift; sourceTree = "<group>"; };
		20F1EBEF20199ACE00C54341 /* Gif.swift */ = {isa = PBXFileReference; lastKnownFileType = sourcecode.swift; path = Gif.swift; sourceTree = "<group>"; };
		20F1EBF42019A9D700C54341 /* GiphyAPIService.swift */ = {isa = PBXFileReference; lastKnownFileType = sourcecode.swift; path = GiphyAPIService.swift; sourceTree = "<group>"; };
		20F1EBF62019AB5C00C54341 /* Networking.swift */ = {isa = PBXFileReference; lastKnownFileType = sourcecode.swift; path = Networking.swift; sourceTree = "<group>"; };
		20F1EBF82019B72200C54341 /* DefaultNavigationVC.swift */ = {isa = PBXFileReference; lastKnownFileType = sourcecode.swift; path = DefaultNavigationVC.swift; sourceTree = "<group>"; };
		20F1EBFA2019BCC400C54341 /* GifSize.swift */ = {isa = PBXFileReference; lastKnownFileType = sourcecode.swift; path = GifSize.swift; sourceTree = "<group>"; };
		20F1EBFC201A3EC000C54341 /* FeedTVCell.swift */ = {isa = PBXFileReference; lastKnownFileType = sourcecode.swift; path = FeedTVCell.swift; sourceTree = "<group>"; };
		20F1EBFE201A5F3500C54341 /* UIViewController+Ext.swift */ = {isa = PBXFileReference; lastKnownFileType = sourcecode.swift; path = "UIViewController+Ext.swift"; sourceTree = "<group>"; };
		20F1EC00201A81BE00C54341 /* UIColor+Ext.swift */ = {isa = PBXFileReference; lastKnownFileType = sourcecode.swift; path = "UIColor+Ext.swift"; sourceTree = "<group>"; };
		20F1EC04201AD75200C54341 /* FeedViewModel.swift */ = {isa = PBXFileReference; lastKnownFileType = sourcecode.swift; path = FeedViewModel.swift; sourceTree = "<group>"; };
		20F1EC06201AD77B00C54341 /* FavoritesViewModel.swift */ = {isa = PBXFileReference; lastKnownFileType = sourcecode.swift; path = FavoritesViewModel.swift; sourceTree = "<group>"; };
		20F1EC08201AD92000C54341 /* MyGifsCoreData.swift */ = {isa = PBXFileReference; lastKnownFileType = sourcecode.swift; path = MyGifsCoreData.swift; sourceTree = "<group>"; };
		20F1EC0A201AFD9E00C54341 /* FavoriteCVCell.swift */ = {isa = PBXFileReference; lastKnownFileType = sourcecode.swift; path = FavoriteCVCell.swift; sourceTree = "<group>"; };
		20F1EC0C201B081600C54341 /* FavoriteCVCell.xib */ = {isa = PBXFileReference; lastKnownFileType = file.xib; path = FavoriteCVCell.xib; sourceTree = "<group>"; };
		20F1EC0E201B0C4800C54341 /* Calculation.swift */ = {isa = PBXFileReference; lastKnownFileType = sourcecode.swift; path = Calculation.swift; sourceTree = "<group>"; };
		20F1EC10201B1A9500C54341 /* PersistGif.swift */ = {isa = PBXFileReference; lastKnownFileType = sourcecode.swift; path = PersistGif.swift; sourceTree = "<group>"; };
		20F1EC14201BF79500C54341 /* NoItemsView.swift */ = {isa = PBXFileReference; lastKnownFileType = sourcecode.swift; name = NoItemsView.swift; path = MyGIFs/Views/NoItemsView.swift; sourceTree = SOURCE_ROOT; };
		20F1EC16201BFC4C00C54341 /* UIView+Ext.swift */ = {isa = PBXFileReference; lastKnownFileType = sourcecode.swift; path = "UIView+Ext.swift"; sourceTree = "<group>"; };
		7419CD5DE27CD0E2DDDC87FE /* Pods_MyGIFs.framework */ = {isa = PBXFileReference; explicitFileType = wrapper.framework; includeInIndex = 0; path = Pods_MyGIFs.framework; sourceTree = BUILT_PRODUCTS_DIR; };
/* End PBXFileReference section */

/* Begin PBXFrameworksBuildPhase section */
		20F1EBBF2019458C00C54341 /* Frameworks */ = {
			isa = PBXFrameworksBuildPhase;
			buildActionMask = 2147483647;
			files = (
				58DBB20FFB711387B19F6049 /* Pods_MyGIFs.framework in Frameworks */,
			);
			runOnlyForDeploymentPostprocessing = 0;
		};
/* End PBXFrameworksBuildPhase section */

/* Begin PBXGroup section */
		2075272C201DA47400B06EA6 /* Binding */ = {
			isa = PBXGroup;
			children = (
				2075272A201DA42C00B06EA6 /* Dynamic.swift */,
				2075272D201DA4B900B06EA6 /* BindingTextField.swift */,
			);
			path = Binding;
			sourceTree = "<group>";
		};
		2075272F201DB2B300B06EA6 /* Cells */ = {
			isa = PBXGroup;
			children = (
				20752730201DB31300B06EA6 /* FeedCellViewModel.swift */,
				20752732201DB33200B06EA6 /* FavoriteCellViewModel.swift */,
			);
			path = Cells;
			sourceTree = "<group>";
		};
		20F1EBB92019458C00C54341 = {
			isa = PBXGroup;
			children = (
				20F1EBC42019458C00C54341 /* MyGIFs */,
				20F1EBF120199C7A00C54341 /* Vendor */,
				20F1EBC32019458C00C54341 /* Products */,
				69A729503414FE7AB45F5A9D /* Pods */,
				F2E370236AB033B77634947A /* Frameworks */,
			);
			sourceTree = "<group>";
		};
		20F1EBC32019458C00C54341 /* Products */ = {
			isa = PBXGroup;
			children = (
				20F1EBC22019458C00C54341 /* MyGIFs.app */,
			);
			name = Products;
			sourceTree = "<group>";
		};
		20F1EBC42019458C00C54341 /* MyGIFs */ = {
			isa = PBXGroup;
			children = (
				20F1EBE620195ED400C54341 /* Networking+Services */,
				20F1EBDB20195D8B00C54341 /* Models */,
				20F1EBE420195EAA00C54341 /* View Models */,
				20F1EBDA20195D8500C54341 /* View Controllers */,
				20F1EBDC20195D9000C54341 /* Views */,
				20F1EBE020195DCB00C54341 /* Layout */,
				20F1EBE520195EC400C54341 /* Util+Helpers */,
				20F1EBDD20195D9E00C54341 /* Extensions+Protocols */,
				20F1EBCF2019458D00C54341 /* Assets.xcassets */,
				20F1EBE120195DDD00C54341 /* Supporting Files */,
				20F1EBCC2019458D00C54341 /* MyGIFs.xcdatamodeld */,
			);
			path = MyGIFs;
			sourceTree = "<group>";
		};
		20F1EBDA20195D8500C54341 /* View Controllers */ = {
			isa = PBXGroup;
			children = (
				20F1EBF82019B72200C54341 /* DefaultNavigationVC.swift */,
				20F1EBE82019842500C54341 /* FeedTVC.swift */,
				20F1EBEA2019849600C54341 /* FavoritesCVC.swift */,
			);
			path = "View Controllers";
			sourceTree = "<group>";
		};
		20F1EBDB20195D8B00C54341 /* Models */ = {
			isa = PBXGroup;
			children = (
				20F1EBEF20199ACE00C54341 /* Gif.swift */,
				20F1EBFA2019BCC400C54341 /* GifSize.swift */,
			);
			path = Models;
			sourceTree = "<group>";
		};
		20F1EBDC20195D9000C54341 /* Views */ = {
			isa = PBXGroup;
			children = (
				20F1EC14201BF79500C54341 /* NoItemsView.swift */,
				20F1EBEC201989C000C54341 /* Cells */,
			);
			path = Views;
			sourceTree = "<group>";
		};
		20F1EBDD20195D9E00C54341 /* Extensions+Protocols */ = {
			isa = PBXGroup;
			children = (
				20F1EBFE201A5F3500C54341 /* UIViewController+Ext.swift */,
				20F1EC16201BFC4C00C54341 /* UIView+Ext.swift */,
				20F1EC00201A81BE00C54341 /* UIColor+Ext.swift */,
			);
			path = "Extensions+Protocols";
			sourceTree = "<group>";
		};
		20F1EBE020195DCB00C54341 /* Layout */ = {
			isa = PBXGroup;
			children = (
				2084450E201C516300D1BF74 /* FluidCollectionViewLayout.swift */,
				20F1EBC92019458D00C54341 /* Main.storyboard */,
				20F1EBD12019458D00C54341 /* LaunchScreen.storyboard */,
			);
			path = Layout;
			sourceTree = "<group>";
		};
		20F1EBE120195DDD00C54341 /* Supporting Files */ = {
			isa = PBXGroup;
			children = (
				20F1EBE220195E2800C54341 /* Constants.swift */,
				20F1EBC52019458C00C54341 /* AppDelegate.swift */,
				20F1EBD42019458D00C54341 /* Info.plist */,
			);
			path = "Supporting Files";
			sourceTree = "<group>";
		};
		20F1EBE420195EAA00C54341 /* View Models */ = {
			isa = PBXGroup;
			children = (
				20F1EC04201AD75200C54341 /* FeedViewModel.swift */,
				20F1EC06201AD77B00C54341 /* FavoritesViewModel.swift */,
				2075272F201DB2B300B06EA6 /* Cells */,
			);
			path = "View Models";
			sourceTree = "<group>";
		};
		20F1EBE520195EC400C54341 /* Util+Helpers */ = {
			isa = PBXGroup;
			children = (
				2075272C201DA47400B06EA6 /* Binding */,
				20F1EC0E201B0C4800C54341 /* Calculation.swift */,
				20F1EC10201B1A9500C54341 /* PersistGif.swift */,
			);
			path = "Util+Helpers";
			sourceTree = "<group>";
		};
		20F1EBE620195ED400C54341 /* Networking+Services */ = {
			isa = PBXGroup;
			children = (
				20F1EBF42019A9D700C54341 /* GiphyAPIService.swift */,
				20F1EBF62019AB5C00C54341 /* Networking.swift */,
				2084450C201C0AED00D1BF74 /* FeedManager.swift */,
				20F1EC08201AD92000C54341 /* MyGifsCoreData.swift */,
			);
			path = "Networking+Services";
			sourceTree = "<group>";
		};
		20F1EBEC201989C000C54341 /* Cells */ = {
			isa = PBXGroup;
			children = (
				20F1EBFC201A3EC000C54341 /* FeedTVCell.swift */,
				20F1EC0A201AFD9E00C54341 /* FavoriteCVCell.swift */,
				20F1EC0C201B081600C54341 /* FavoriteCVCell.xib */,
			);
			path = Cells;
			sourceTree = "<group>";
		};
		20F1EBF120199C7A00C54341 /* Vendor */ = {
			isa = PBXGroup;
			children = (
			);
			path = Vendor;
			sourceTree = "<group>";
		};
		69A729503414FE7AB45F5A9D /* Pods */ = {
			isa = PBXGroup;
			children = (
				11B653F22D826B0A59E977AA /* Pods-MyGIFs.debug.xcconfig */,
				023ACF43081AB519686009A9 /* Pods-MyGIFs.release.xcconfig */,
			);
			name = Pods;
			sourceTree = "<group>";
		};
		F2E370236AB033B77634947A /* Frameworks */ = {
			isa = PBXGroup;
			children = (
				7419CD5DE27CD0E2DDDC87FE /* Pods_MyGIFs.framework */,
			);
			name = Frameworks;
			sourceTree = "<group>";
		};
/* End PBXGroup section */

/* Begin PBXNativeTarget section */
		20F1EBC12019458C00C54341 /* MyGIFs */ = {
			isa = PBXNativeTarget;
			buildConfigurationList = 20F1EBD72019458D00C54341 /* Build configuration list for PBXNativeTarget "MyGIFs" */;
			buildPhases = (
				FB21FB421EB71FE436333A9E /* [CP] Check Pods Manifest.lock */,
				20F1EBBE2019458C00C54341 /* Sources */,
				20F1EBBF2019458C00C54341 /* Frameworks */,
				20F1EBC02019458C00C54341 /* Resources */,
				A2D4DAEAC0D0F59635939C9D /* [CP] Embed Pods Frameworks */,
				F061F9DA06DA892D6E12D630 /* [CP] Copy Pods Resources */,
			);
			buildRules = (
			);
			dependencies = (
			);
			name = MyGIFs;
			productName = MyGIFs;
			productReference = 20F1EBC22019458C00C54341 /* MyGIFs.app */;
			productType = "com.apple.product-type.application";
		};
/* End PBXNativeTarget section */

/* Begin PBXProject section */
		20F1EBBA2019458C00C54341 /* Project object */ = {
			isa = PBXProject;
			attributes = {
				LastSwiftUpdateCheck = 0920;
				LastUpgradeCheck = 0920;
				ORGANIZATIONNAME = vanics;
				TargetAttributes = {
					20F1EBC12019458C00C54341 = {
						CreatedOnToolsVersion = 9.2;
						ProvisioningStyle = Automatic;
					};
				};
			};
			buildConfigurationList = 20F1EBBD2019458C00C54341 /* Build configuration list for PBXProject "MyGIFs" */;
			compatibilityVersion = "Xcode 8.0";
			developmentRegion = en;
			hasScannedForEncodings = 0;
			knownRegions = (
				en,
				Base,
			);
			mainGroup = 20F1EBB92019458C00C54341;
			productRefGroup = 20F1EBC32019458C00C54341 /* Products */;
			projectDirPath = "";
			projectRoot = "";
			targets = (
				20F1EBC12019458C00C54341 /* MyGIFs */,
			);
		};
/* End PBXProject section */

/* Begin PBXResourcesBuildPhase section */
		20F1EBC02019458C00C54341 /* Resources */ = {
			isa = PBXResourcesBuildPhase;
			buildActionMask = 2147483647;
			files = (
				20F1EBD32019458D00C54341 /* LaunchScreen.storyboard in Resources */,
				20F1EBD02019458D00C54341 /* Assets.xcassets in Resources */,
				20F1EC0D201B081600C54341 /* FavoriteCVCell.xib in Resources */,
				20F1EBCB2019458D00C54341 /* Main.storyboard in Resources */,
			);
			runOnlyForDeploymentPostprocessing = 0;
		};
/* End PBXResourcesBuildPhase section */

/* Begin PBXShellScriptBuildPhase section */
		A2D4DAEAC0D0F59635939C9D /* [CP] Embed Pods Frameworks */ = {
			isa = PBXShellScriptBuildPhase;
			buildActionMask = 2147483647;
			files = (
			);
			inputPaths = (
				"${SRCROOT}/Pods/Target Support Files/Pods-MyGIFs/Pods-MyGIFs-frameworks.sh",
				"${BUILT_PRODUCTS_DIR}/Alamofire/Alamofire.framework",
				"${BUILT_PRODUCTS_DIR}/Differentiator/Differentiator.framework",
				"${BUILT_PRODUCTS_DIR}/Kingfisher/Kingfisher.framework",
				"${BUILT_PRODUCTS_DIR}/Moya/Moya.framework",
				"${BUILT_PRODUCTS_DIR}/Moya-ObjectMapper/Moya_ObjectMapper.framework",
				"${BUILT_PRODUCTS_DIR}/ObjectMapper/ObjectMapper.framework",
				"${BUILT_PRODUCTS_DIR}/Result/Result.framework",
				"${BUILT_PRODUCTS_DIR}/RxCocoa/RxCocoa.framework",
				"${BUILT_PRODUCTS_DIR}/RxDataSources/RxDataSources.framework",
				"${BUILT_PRODUCTS_DIR}/RxSwift/RxSwift.framework",
				"${BUILT_PRODUCTS_DIR}/SwiftyGif/SwiftyGif.framework",
			);
			name = "[CP] Embed Pods Frameworks";
			outputPaths = (
				"${TARGET_BUILD_DIR}/${FRAMEWORKS_FOLDER_PATH}/Alamofire.framework",
				"${TARGET_BUILD_DIR}/${FRAMEWORKS_FOLDER_PATH}/Differentiator.framework",
				"${TARGET_BUILD_DIR}/${FRAMEWORKS_FOLDER_PATH}/Kingfisher.framework",
				"${TARGET_BUILD_DIR}/${FRAMEWORKS_FOLDER_PATH}/Moya.framework",
				"${TARGET_BUILD_DIR}/${FRAMEWORKS_FOLDER_PATH}/Moya_ObjectMapper.framework",
				"${TARGET_BUILD_DIR}/${FRAMEWORKS_FOLDER_PATH}/ObjectMapper.framework",
				"${TARGET_BUILD_DIR}/${FRAMEWORKS_FOLDER_PATH}/Result.framework",
				"${TARGET_BUILD_DIR}/${FRAMEWORKS_FOLDER_PATH}/RxCocoa.framework",
				"${TARGET_BUILD_DIR}/${FRAMEWORKS_FOLDER_PATH}/RxDataSources.framework",
				"${TARGET_BUILD_DIR}/${FRAMEWORKS_FOLDER_PATH}/RxSwift.framework",
				"${TARGET_BUILD_DIR}/${FRAMEWORKS_FOLDER_PATH}/SwiftyGif.framework",
			);
			runOnlyForDeploymentPostprocessing = 0;
			shellPath = /bin/sh;
			shellScript = "\"${SRCROOT}/Pods/Target Support Files/Pods-MyGIFs/Pods-MyGIFs-frameworks.sh\"\n";
			showEnvVarsInLog = 0;
		};
		F061F9DA06DA892D6E12D630 /* [CP] Copy Pods Resources */ = {
			isa = PBXShellScriptBuildPhase;
			buildActionMask = 2147483647;
			files = (
			);
			inputPaths = (
			);
			name = "[CP] Copy Pods Resources";
			outputPaths = (
			);
			runOnlyForDeploymentPostprocessing = 0;
			shellPath = /bin/sh;
			shellScript = "\"${SRCROOT}/Pods/Target Support Files/Pods-MyGIFs/Pods-MyGIFs-resources.sh\"\n";
			showEnvVarsInLog = 0;
		};
		FB21FB421EB71FE436333A9E /* [CP] Check Pods Manifest.lock */ = {
			isa = PBXShellScriptBuildPhase;
			buildActionMask = 2147483647;
			files = (
			);
			inputPaths = (
				"${PODS_PODFILE_DIR_PATH}/Podfile.lock",
				"${PODS_ROOT}/Manifest.lock",
			);
			name = "[CP] Check Pods Manifest.lock";
			outputPaths = (
				"$(DERIVED_FILE_DIR)/Pods-MyGIFs-checkManifestLockResult.txt",
			);
			runOnlyForDeploymentPostprocessing = 0;
			shellPath = /bin/sh;
			shellScript = "diff \"${PODS_PODFILE_DIR_PATH}/Podfile.lock\" \"${PODS_ROOT}/Manifest.lock\" > /dev/null\nif [ $? != 0 ] ; then\n    # print error to STDERR\n    echo \"error: The sandbox is not in sync with the Podfile.lock. Run 'pod install' or update your CocoaPods installation.\" >&2\n    exit 1\nfi\n# This output is used by Xcode 'outputs' to avoid re-running this script phase.\necho \"SUCCESS\" > \"${SCRIPT_OUTPUT_FILE_0}\"\n";
			showEnvVarsInLog = 0;
		};
/* End PBXShellScriptBuildPhase section */

/* Begin PBXSourcesBuildPhase section */
		20F1EBBE2019458C00C54341 /* Sources */ = {
			isa = PBXSourcesBuildPhase;
			buildActionMask = 2147483647;
			files = (
				20F1EC11201B1A9500C54341 /* PersistGif.swift in Sources */,
				20F1EBFF201A5F3500C54341 /* UIViewController+Ext.swift in Sources */,
				2075272E201DA4B900B06EA6 /* BindingTextField.swift in Sources */,
				20F1EC07201AD77B00C54341 /* FavoritesViewModel.swift in Sources */,
				2084450F201C516400D1BF74 /* FluidCollectionViewLayout.swift in Sources */,
				20F1EBFD201A3EC000C54341 /* FeedTVCell.swift in Sources */,
				20F1EC15201BF79500C54341 /* NoItemsView.swift in Sources */,
				20F1EBFB2019BCC400C54341 /* GifSize.swift in Sources */,
				20F1EBF020199ACE00C54341 /* Gif.swift in Sources */,
				20F1EC05201AD75200C54341 /* FeedViewModel.swift in Sources */,
				20F1EBF92019B72200C54341 /* DefaultNavigationVC.swift in Sources */,
				2084450D201C0AED00D1BF74 /* FeedManager.swift in Sources */,
				20752733201DB33200B06EA6 /* FavoriteCellViewModel.swift in Sources */,
				20F1EBC62019458C00C54341 /* AppDelegate.swift in Sources */,
				20F1EC01201A81BE00C54341 /* UIColor+Ext.swift in Sources */,
				20F1EC17201BFC4C00C54341 /* UIView+Ext.swift in Sources */,
				20F1EBF72019AB5C00C54341 /* Networking.swift in Sources */,
				20752731201DB31300B06EA6 /* FeedCellViewModel.swift in Sources */,
				20F1EBEB2019849600C54341 /* FavoritesCVC.swift in Sources */,
				20F1EC0B201AFD9E00C54341 /* FavoriteCVCell.swift in Sources */,
				20F1EBF52019A9D700C54341 /* GiphyAPIService.swift in Sources */,
				20F1EC09201AD92000C54341 /* MyGifsCoreData.swift in Sources */,
				20F1EBE92019842500C54341 /* FeedTVC.swift in Sources */,
				20F1EBCE2019458D00C54341 /* MyGIFs.xcdatamodeld in Sources */,
				2075272B201DA42C00B06EA6 /* Dynamic.swift in Sources */,
				20F1EC0F201B0C4800C54341 /* Calculation.swift in Sources */,
				20F1EBE320195E2800C54341 /* Constants.swift in Sources */,
			);
			runOnlyForDeploymentPostprocessing = 0;
		};
/* End PBXSourcesBuildPhase section */

/* Begin PBXVariantGroup section */
		20F1EBC92019458D00C54341 /* Main.storyboard */ = {
			isa = PBXVariantGroup;
			children = (
				20F1EBCA2019458D00C54341 /* Base */,
			);
			name = Main.storyboard;
			sourceTree = "<group>";
		};
		20F1EBD12019458D00C54341 /* LaunchScreen.storyboard */ = {
			isa = PBXVariantGroup;
			children = (
				20F1EBD22019458D00C54341 /* Base */,
			);
			name = LaunchScreen.storyboard;
			sourceTree = "<group>";
		};
/* End PBXVariantGroup section */

/* Begin XCBuildConfiguration section */
		20F1EBD52019458D00C54341 /* Debug */ = {
			isa = XCBuildConfiguration;
			buildSettings = {
				ALWAYS_SEARCH_USER_PATHS = NO;
				CLANG_ANALYZER_NONNULL = YES;
				CLANG_ANALYZER_NUMBER_OBJECT_CONVERSION = YES_AGGRESSIVE;
				CLANG_CXX_LANGUAGE_STANDARD = "gnu++14";
				CLANG_CXX_LIBRARY = "libc++";
				CLANG_ENABLE_MODULES = YES;
				CLANG_ENABLE_OBJC_ARC = YES;
				CLANG_WARN_BLOCK_CAPTURE_AUTORELEASING = YES;
				CLANG_WARN_BOOL_CONVERSION = YES;
				CLANG_WARN_COMMA = YES;
				CLANG_WARN_CONSTANT_CONVERSION = YES;
				CLANG_WARN_DIRECT_OBJC_ISA_USAGE = YES_ERROR;
				CLANG_WARN_DOCUMENTATION_COMMENTS = YES;
				CLANG_WARN_EMPTY_BODY = YES;
				CLANG_WARN_ENUM_CONVERSION = YES;
				CLANG_WARN_INFINITE_RECURSION = YES;
				CLANG_WARN_INT_CONVERSION = YES;
				CLANG_WARN_NON_LITERAL_NULL_CONVERSION = YES;
				CLANG_WARN_OBJC_LITERAL_CONVERSION = YES;
				CLANG_WARN_OBJC_ROOT_CLASS = YES_ERROR;
				CLANG_WARN_RANGE_LOOP_ANALYSIS = YES;
				CLANG_WARN_STRICT_PROTOTYPES = YES;
				CLANG_WARN_SUSPICIOUS_MOVE = YES;
				CLANG_WARN_UNGUARDED_AVAILABILITY = YES_AGGRESSIVE;
				CLANG_WARN_UNREACHABLE_CODE = YES;
				CLANG_WARN__DUPLICATE_METHOD_MATCH = YES;
				CODE_SIGN_IDENTITY = "iPhone Developer";
				COPY_PHASE_STRIP = NO;
				DEBUG_INFORMATION_FORMAT = dwarf;
				ENABLE_STRICT_OBJC_MSGSEND = YES;
				ENABLE_TESTABILITY = YES;
				GCC_C_LANGUAGE_STANDARD = gnu11;
				GCC_DYNAMIC_NO_PIC = NO;
				GCC_NO_COMMON_BLOCKS = YES;
				GCC_OPTIMIZATION_LEVEL = 0;
				GCC_PREPROCESSOR_DEFINITIONS = (
					"DEBUG=1",
					"$(inherited)",
				);
				GCC_WARN_64_TO_32_BIT_CONVERSION = YES;
				GCC_WARN_ABOUT_RETURN_TYPE = YES_ERROR;
				GCC_WARN_UNDECLARED_SELECTOR = YES;
				GCC_WARN_UNINITIALIZED_AUTOS = YES_AGGRESSIVE;
				GCC_WARN_UNUSED_FUNCTION = YES;
				GCC_WARN_UNUSED_VARIABLE = YES;
				IPHONEOS_DEPLOYMENT_TARGET = 11.2;
				MTL_ENABLE_DEBUG_INFO = YES;
				ONLY_ACTIVE_ARCH = YES;
				SDKROOT = iphoneos;
				SWIFT_ACTIVE_COMPILATION_CONDITIONS = DEBUG;
				SWIFT_OPTIMIZATION_LEVEL = "-Onone";
			};
			name = Debug;
		};
		20F1EBD62019458D00C54341 /* Release */ = {
			isa = XCBuildConfiguration;
			buildSettings = {
				ALWAYS_SEARCH_USER_PATHS = NO;
				CLANG_ANALYZER_NONNULL = YES;
				CLANG_ANALYZER_NUMBER_OBJECT_CONVERSION = YES_AGGRESSIVE;
				CLANG_CXX_LANGUAGE_STANDARD = "gnu++14";
				CLANG_CXX_LIBRARY = "libc++";
				CLANG_ENABLE_MODULES = YES;
				CLANG_ENABLE_OBJC_ARC = YES;
				CLANG_WARN_BLOCK_CAPTURE_AUTORELEASING = YES;
				CLANG_WARN_BOOL_CONVERSION = YES;
				CLANG_WARN_COMMA = YES;
				CLANG_WARN_CONSTANT_CONVERSION = YES;
				CLANG_WARN_DIRECT_OBJC_ISA_USAGE = YES_ERROR;
				CLANG_WARN_DOCUMENTATION_COMMENTS = YES;
				CLANG_WARN_EMPTY_BODY = YES;
				CLANG_WARN_ENUM_CONVERSION = YES;
				CLANG_WARN_INFINITE_RECURSION = YES;
				CLANG_WARN_INT_CONVERSION = YES;
				CLANG_WARN_NON_LITERAL_NULL_CONVERSION = YES;
				CLANG_WARN_OBJC_LITERAL_CONVERSION = YES;
				CLANG_WARN_OBJC_ROOT_CLASS = YES_ERROR;
				CLANG_WARN_RANGE_LOOP_ANALYSIS = YES;
				CLANG_WARN_STRICT_PROTOTYPES = YES;
				CLANG_WARN_SUSPICIOUS_MOVE = YES;
				CLANG_WARN_UNGUARDED_AVAILABILITY = YES_AGGRESSIVE;
				CLANG_WARN_UNREACHABLE_CODE = YES;
				CLANG_WARN__DUPLICATE_METHOD_MATCH = YES;
				CODE_SIGN_IDENTITY = "iPhone Developer";
				COPY_PHASE_STRIP = NO;
				DEBUG_INFORMATION_FORMAT = "dwarf-with-dsym";
				ENABLE_NS_ASSERTIONS = NO;
				ENABLE_STRICT_OBJC_MSGSEND = YES;
				GCC_C_LANGUAGE_STANDARD = gnu11;
				GCC_NO_COMMON_BLOCKS = YES;
				GCC_WARN_64_TO_32_BIT_CONVERSION = YES;
				GCC_WARN_ABOUT_RETURN_TYPE = YES_ERROR;
				GCC_WARN_UNDECLARED_SELECTOR = YES;
				GCC_WARN_UNINITIALIZED_AUTOS = YES_AGGRESSIVE;
				GCC_WARN_UNUSED_FUNCTION = YES;
				GCC_WARN_UNUSED_VARIABLE = YES;
				IPHONEOS_DEPLOYMENT_TARGET = 11.2;
				MTL_ENABLE_DEBUG_INFO = NO;
				SDKROOT = iphoneos;
				SWIFT_OPTIMIZATION_LEVEL = "-Owholemodule";
				VALIDATE_PRODUCT = YES;
			};
			name = Release;
		};
		20F1EBD82019458D00C54341 /* Debug */ = {
			isa = XCBuildConfiguration;
			baseConfigurationReference = 11B653F22D826B0A59E977AA /* Pods-MyGIFs.debug.xcconfig */;
			buildSettings = {
				ASSETCATALOG_COMPILER_APPICON_NAME = AppIcon;
				CODE_SIGN_STYLE = Automatic;
				DEVELOPMENT_TEAM = AH9PF7YY44;
				INFOPLIST_FILE = MyGIFs/Info.plist;
				IPHONEOS_DEPLOYMENT_TARGET = 10.0;
				LD_RUNPATH_SEARCH_PATHS = "$(inherited) @executable_path/Frameworks";
				PRODUCT_BUNDLE_IDENTIFIER = com.vanics.MyGIFs;
				PRODUCT_NAME = "$(TARGET_NAME)";
				SWIFT_VERSION = 4.0;
				TARGETED_DEVICE_FAMILY = 1;
			};
			name = Debug;
		};
		20F1EBD92019458D00C54341 /* Release */ = {
			isa = XCBuildConfiguration;
			baseConfigurationReference = 023ACF43081AB519686009A9 /* Pods-MyGIFs.release.xcconfig */;
			buildSettings = {
				ASSETCATALOG_COMPILER_APPICON_NAME = AppIcon;
				CODE_SIGN_STYLE = Automatic;
				DEVELOPMENT_TEAM = AH9PF7YY44;
				INFOPLIST_FILE = MyGIFs/Info.plist;
				IPHONEOS_DEPLOYMENT_TARGET = 10.0;
				LD_RUNPATH_SEARCH_PATHS = "$(inherited) @executable_path/Frameworks";
				PRODUCT_BUNDLE_IDENTIFIER = com.vanics.MyGIFs;
				PRODUCT_NAME = "$(TARGET_NAME)";
				SWIFT_VERSION = 4.0;
				TARGETED_DEVICE_FAMILY = 1;
			};
			name = Release;
		};
/* End XCBuildConfiguration section */

/* Begin XCConfigurationList section */
		20F1EBBD2019458C00C54341 /* Build configuration list for PBXProject "MyGIFs" */ = {
			isa = XCConfigurationList;
			buildConfigurations = (
				20F1EBD52019458D00C54341 /* Debug */,
				20F1EBD62019458D00C54341 /* Release */,
			);
			defaultConfigurationIsVisible = 0;
			defaultConfigurationName = Release;
		};
		20F1EBD72019458D00C54341 /* Build configuration list for PBXNativeTarget "MyGIFs" */ = {
			isa = XCConfigurationList;
			buildConfigurations = (
				20F1EBD82019458D00C54341 /* Debug */,
				20F1EBD92019458D00C54341 /* Release */,
			);
			defaultConfigurationIsVisible = 0;
			defaultConfigurationName = Release;
		};
/* End XCConfigurationList section */

/* Begin XCVersionGroup section */
		20F1EBCC2019458D00C54341 /* MyGIFs.xcdatamodeld */ = {
			isa = XCVersionGroup;
			children = (
				20F1EBCD2019458D00C54341 /* MyGIFs.xcdatamodel */,
			);
			currentVersion = 20F1EBCD2019458D00C54341 /* MyGIFs.xcdatamodel */;
			path = MyGIFs.xcdatamodeld;
			sourceTree = "<group>";
			versionGroupType = wrapper.xcdatamodel;
		};
/* End XCVersionGroup section */
	};
	rootObject = 20F1EBBA2019458C00C54341 /* Project object */;
}
